
Microsoft Visual Studio Solution File, Format Version 12.00
# Visual Studio Version 16
VisualStudioVersion = 16.0.30204.135
MinimumVisualStudioVersion = 10.0.40219.1
Project("{9A19103F-16F7-4668-BE54-9A1E7A4F7556}") = "ProjetGSB", "ProjetGSB.csproj", "{6264F31E-4B41-4AD6-920F-021FC21A7918}"
EndProject
Project("{FAE04EC0-301F-11D3-BF4B-00C04F79EFBC}") = "ProjetGSBTests1", "..\ProjetGSBTests1\ProjetGSBTests1.csproj", "{D0DFA2C1-45B1-434C-9260-C7087D3453A5}"
EndProject
Global
	GlobalSection(SolutionConfigurationPlatforms) = preSolution
		Debug|Any CPU = Debug|Any CPU
		Release|Any CPU = Release|Any CPU
	EndGlobalSection
	GlobalSection(ProjectConfigurationPlatforms) = postSolution
		{6264F31E-4B41-4AD6-920F-021FC21A7918}.Debug|Any CPU.ActiveCfg = Debug|Any CPU
		{6264F31E-4B41-4AD6-920F-021FC21A7918}.Debug|Any CPU.Build.0 = Debug|Any CPU
		{6264F31E-4B41-4AD6-920F-021FC21A7918}.Release|Any CPU.ActiveCfg = Release|Any CPU
		{6264F31E-4B41-4AD6-920F-021FC21A7918}.Release|Any CPU.Build.0 = Release|Any CPU
		{D0DFA2C1-45B1-434C-9260-C7087D3453A5}.Debug|Any CPU.ActiveCfg = Debug|Any CPU
		{D0DFA2C1-45B1-434C-9260-C7087D3453A5}.Debug|Any CPU.Build.0 = Debug|Any CPU
		{D0DFA2C1-45B1-434C-9260-C7087D3453A5}.Release|Any CPU.ActiveCfg = Release|Any CPU
		{D0DFA2C1-45B1-434C-9260-C7087D3453A5}.Release|Any CPU.Build.0 = Release|Any CPU
	EndGlobalSection
	GlobalSection(SolutionProperties) = preSolution
		HideSolutionNode = FALSE
	EndGlobalSection
	GlobalSection(ExtensibilityGlobals) = postSolution
		SolutionGuid = {710E61F3-D742-4CF7-B037-0085EB29F111}
	EndGlobalSection
EndGlobal
